
Microsoft Visual Studio Solution File, Format Version 12.00
# Visual Studio Version 17
VisualStudioVersion = 17.13.35818.85 d17.13
MinimumVisualStudioVersion = 10.0.40219.1
Project("{00D1A9C2-B5F0-4AF3-8072-F6C62B433612}") = "Test3", "Test3\Test3.sqlproj", "{A12146B6-7D2B-49C5-B93A-1BEA401A9A06}"
EndProject
Global
	GlobalSection(SolutionConfigurationPlatforms) = preSolution
		Debug|Any CPU = Debug|Any CPU
		Release|Any CPU = Release|Any CPU
	EndGlobalSection
	GlobalSection(ProjectConfigurationPlatforms) = postSolution
		{A12146B6-7D2B-49C5-B93A-1BEA401A9A06}.Debug|Any CPU.ActiveCfg = Debug|Any CPU
		{A12146B6-7D2B-49C5-B93A-1BEA401A9A06}.Debug|Any CPU.Build.0 = Debug|Any CPU
		{A12146B6-7D2B-49C5-B93A-1BEA401A9A06}.Debug|Any CPU.Deploy.0 = Debug|Any CPU
		{A12146B6-7D2B-49C5-B93A-1BEA401A9A06}.Release|Any CPU.ActiveCfg = Release|Any CPU
		{A12146B6-7D2B-49C5-B93A-1BEA401A9A06}.Release|Any CPU.Build.0 = Release|Any CPU
		{A12146B6-7D2B-49C5-B93A-1BEA401A9A06}.Release|Any CPU.Deploy.0 = Release|Any CPU
	EndGlobalSection
	GlobalSection(SolutionProperties) = preSolution
		HideSolutionNode = FALSE
	EndGlobalSection
	GlobalSection(ExtensibilityGlobals) = postSolution
		SolutionGuid = {A8260C5E-3826-4DE6-B51A-A667F8395923}
	EndGlobalSection
EndGlobal
